// !$*UTF8*$!
{
	archiveVersion = 1;
	classes = {
	};
	objectVersion = 51;
	objects = {

/* Begin PBXBuildFile section */
		26EB02E221BC94EEB3F009C1 /* Pods_PuzzleFilterProduct.framework in Frameworks */ = {isa = PBXBuildFile; fileRef = D589157304DDCD306EDDA7E5 /* Pods_PuzzleFilterProduct.framework */; };
		9D150F2C24FE36AB00845A87 /* AppDelegate.swift in Sources */ = {isa = PBXBuildFile; fileRef = 9D150F2B24FE36AB00845A87 /* AppDelegate.swift */; };
		9D150F3024FE36AB00845A87 /* PFViewController.swift in Sources */ = {isa = PBXBuildFile; fileRef = 9D150F2F24FE36AB00845A87 /* PFViewController.swift */; };
		9D150F3324FE36AB00845A87 /* Main.storyboard in Resources */ = {isa = PBXBuildFile; fileRef = 9D150F3124FE36AB00845A87 /* Main.storyboard */; };
		9D150F3524FE36C000845A87 /* Assets.xcassets in Resources */ = {isa = PBXBuildFile; fileRef = 9D150F3424FE36C000845A87 /* Assets.xcassets */; };
		9D150F3824FE36C000845A87 /* LaunchScreen.storyboard in Resources */ = {isa = PBXBuildFile; fileRef = 9D150F3624FE36C000845A87 /* LaunchScreen.storyboard */; };
		9D150F4524FE382500845A87 /* QMUIConfigurationTemplate.m in Sources */ = {isa = PBXBuildFile; fileRef = 9D150F4224FE382400845A87 /* QMUIConfigurationTemplate.m */; };
		9D150F4624FE382500845A87 /* JPToast.swift in Sources */ = {isa = PBXBuildFile; fileRef = 9D150F4424FE382500845A87 /* JPToast.swift */; };
		9D150F4824FE386200845A87 /* PFBaseNavigationController.swift in Sources */ = {isa = PBXBuildFile; fileRef = 9D150F4724FE386200845A87 /* PFBaseNavigationController.swift */; };
		9D150F5024FE390100845A87 /* StickerView.bundle in Resources */ = {isa = PBXBuildFile; fileRef = 9D150F4B24FE390100845A87 /* StickerView.bundle */; };
		9D150F5124FE390100845A87 /* SingleHandGestureRecognizer.m in Sources */ = {isa = PBXBuildFile; fileRef = 9D150F4E24FE390100845A87 /* SingleHandGestureRecognizer.m */; };
		9D150F5224FE390100845A87 /* StickerView.m in Sources */ = {isa = PBXBuildFile; fileRef = 9D150F4F24FE390100845A87 /* StickerView.m */; };
		9D150F5524FE397C00845A87 /* PFBaseViewController.swift in Sources */ = {isa = PBXBuildFile; fileRef = 9D150F5424FE397C00845A87 /* PFBaseViewController.swift */; };
		9D150F5724FE3DF900845A87 /* Constant.swift in Sources */ = {isa = PBXBuildFile; fileRef = 9D150F5624FE3DF900845A87 /* Constant.swift */; };
		9D150F5A24FE3F4700845A87 /* FFStyleModel.m in Sources */ = {isa = PBXBuildFile; fileRef = 9D150F5924FE3F4700845A87 /* FFStyleModel.m */; };
		9D150F5D24FE46C100845A87 /* launch.png in Resources */ = {isa = PBXBuildFile; fileRef = 9D150F5B24FE46C100845A87 /* launch.png */; };
		9D150F6124FE491700845A87 /* PFCoinListViewController.swift in Sources */ = {isa = PBXBuildFile; fileRef = 9D150F6024FE491700845A87 /* PFCoinListViewController.swift */; };
		9D150F6524FE4A2B00845A87 /* PFCoinCollectionViewCell.swift in Sources */ = {isa = PBXBuildFile; fileRef = 9D150F6324FE4A2B00845A87 /* PFCoinCollectionViewCell.swift */; };
		9D150F6624FE4A2B00845A87 /* PFCoinCollectionViewCell.xib in Resources */ = {isa = PBXBuildFile; fileRef = 9D150F6424FE4A2B00845A87 /* PFCoinCollectionViewCell.xib */; };
		9D150F6A24FE529900845A87 /* PFSettingViewController.swift in Sources */ = {isa = PBXBuildFile; fileRef = 9D150F6824FE529900845A87 /* PFSettingViewController.swift */; };
		9D150F6B24FE529900845A87 /* PFSettingViewController.xib in Resources */ = {isa = PBXBuildFile; fileRef = 9D150F6924FE529900845A87 /* PFSettingViewController.xib */; };
		9D150F6F24FE543E00845A87 /* PFSettingTableViewCell.swift in Sources */ = {isa = PBXBuildFile; fileRef = 9D150F6D24FE543E00845A87 /* PFSettingTableViewCell.swift */; };
		9D150F7024FE543E00845A87 /* PFSettingTableViewCell.xib in Resources */ = {isa = PBXBuildFile; fileRef = 9D150F6E24FE543E00845A87 /* PFSettingTableViewCell.xib */; };
		9D150F7324FE579A00845A87 /* PFPrivacyViewController.swift in Sources */ = {isa = PBXBuildFile; fileRef = 9D150F7124FE579A00845A87 /* PFPrivacyViewController.swift */; };
		9D150F7424FE579A00845A87 /* PFPrivacyViewController.xib in Resources */ = {isa = PBXBuildFile; fileRef = 9D150F7224FE579A00845A87 /* PFPrivacyViewController.xib */; };
		9D150F7724FE584800845A87 /* PFTermServiceViewController.swift in Sources */ = {isa = PBXBuildFile; fileRef = 9D150F7524FE584800845A87 /* PFTermServiceViewController.swift */; };
		9D150F7824FE584800845A87 /* PFTermServiceViewController.xib in Resources */ = {isa = PBXBuildFile; fileRef = 9D150F7624FE584800845A87 /* PFTermServiceViewController.xib */; };
/* End PBXBuildFile section */

/* Begin PBXFileReference section */
		57D18EF122FB630863FCFFDE /* Pods-PuzzleFilterProduct.release.xcconfig */ = {isa = PBXFileReference; includeInIndex = 1; lastKnownFileType = text.xcconfig; name = "Pods-PuzzleFilterProduct.release.xcconfig"; path = "Target Support Files/Pods-PuzzleFilterProduct/Pods-PuzzleFilterProduct.release.xcconfig"; sourceTree = "<group>"; };
		95D2D62F8279F06E7C4422FF /* Pods-PuzzleFilterProduct.debug.xcconfig */ = {isa = PBXFileReference; includeInIndex = 1; lastKnownFileType = text.xcconfig; name = "Pods-PuzzleFilterProduct.debug.xcconfig"; path = "Target Support Files/Pods-PuzzleFilterProduct/Pods-PuzzleFilterProduct.debug.xcconfig"; sourceTree = "<group>"; };
		9D150F2824FE36AB00845A87 /* PuzzleFilterProduct.app */ = {isa = PBXFileReference; explicitFileType = wrapper.application; includeInIndex = 0; path = PuzzleFilterProduct.app; sourceTree = BUILT_PRODUCTS_DIR; };
		9D150F2B24FE36AB00845A87 /* AppDelegate.swift */ = {isa = PBXFileReference; lastKnownFileType = sourcecode.swift; path = AppDelegate.swift; sourceTree = "<group>"; };
		9D150F2F24FE36AB00845A87 /* PFViewController.swift */ = {isa = PBXFileReference; lastKnownFileType = sourcecode.swift; path = PFViewController.swift; sourceTree = "<group>"; };
		9D150F3224FE36AB00845A87 /* Base */ = {isa = PBXFileReference; lastKnownFileType = file.storyboard; name = Base; path = Base.lproj/Main.storyboard; sourceTree = "<group>"; };
		9D150F3424FE36C000845A87 /* Assets.xcassets */ = {isa = PBXFileReference; lastKnownFileType = folder.assetcatalog; path = Assets.xcassets; sourceTree = "<group>"; };
		9D150F3724FE36C000845A87 /* Base */ = {isa = PBXFileReference; lastKnownFileType = file.storyboard; name = Base; path = Base.lproj/LaunchScreen.storyboard; sourceTree = "<group>"; };
		9D150F3924FE36C000845A87 /* Info.plist */ = {isa = PBXFileReference; lastKnownFileType = text.plist.xml; path = Info.plist; sourceTree = "<group>"; };
		9D150F4124FE382400845A87 /* QMUIConfigurationTemplate.h */ = {isa = PBXFileReference; fileEncoding = 4; lastKnownFileType = sourcecode.c.h; path = QMUIConfigurationTemplate.h; sourceTree = "<group>"; };
		9D150F4224FE382400845A87 /* QMUIConfigurationTemplate.m */ = {isa = PBXFileReference; fileEncoding = 4; lastKnownFileType = sourcecode.c.objc; path = QMUIConfigurationTemplate.m; sourceTree = "<group>"; };
		9D150F4424FE382500845A87 /* JPToast.swift */ = {isa = PBXFileReference; fileEncoding = 4; lastKnownFileType = sourcecode.swift; path = JPToast.swift; sourceTree = "<group>"; };
		9D150F4724FE386200845A87 /* PFBaseNavigationController.swift */ = {isa = PBXFileReference; lastKnownFileType = sourcecode.swift; path = PFBaseNavigationController.swift; sourceTree = "<group>"; };
		9D150F4924FE389D00845A87 /* PuzzleFilterProduct-Bridging-Header.h */ = {isa = PBXFileReference; lastKnownFileType = sourcecode.c.h; path = "PuzzleFilterProduct-Bridging-Header.h"; sourceTree = "<group>"; };
		9D150F4B24FE390100845A87 /* StickerView.bundle */ = {isa = PBXFileReference; lastKnownFileType = "wrapper.plug-in"; path = StickerView.bundle; sourceTree = "<group>"; };
		9D150F4C24FE390100845A87 /* StickerView.h */ = {isa = PBXFileReference; fileEncoding = 4; lastKnownFileType = sourcecode.c.h; path = StickerView.h; sourceTree = "<group>"; };
		9D150F4D24FE390100845A87 /* SingleHandGestureRecognizer.h */ = {isa = PBXFileReference; fileEncoding = 4; lastKnownFileType = sourcecode.c.h; path = SingleHandGestureRecognizer.h; sourceTree = "<group>"; };
		9D150F4E24FE390100845A87 /* SingleHandGestureRecognizer.m */ = {isa = PBXFileReference; fileEncoding = 4; lastKnownFileType = sourcecode.c.objc; path = SingleHandGestureRecognizer.m; sourceTree = "<group>"; };
		9D150F4F24FE390100845A87 /* StickerView.m */ = {isa = PBXFileReference; fileEncoding = 4; lastKnownFileType = sourcecode.c.objc; path = StickerView.m; sourceTree = "<group>"; };
		9D150F5424FE397C00845A87 /* PFBaseViewController.swift */ = {isa = PBXFileReference; lastKnownFileType = sourcecode.swift; path = PFBaseViewController.swift; sourceTree = "<group>"; };
		9D150F5624FE3DF900845A87 /* Constant.swift */ = {isa = PBXFileReference; lastKnownFileType = sourcecode.swift; path = Constant.swift; sourceTree = "<group>"; };
		9D150F5824FE3F4700845A87 /* FFStyleModel.h */ = {isa = PBXFileReference; fileEncoding = 4; lastKnownFileType = sourcecode.c.h; path = FFStyleModel.h; sourceTree = "<group>"; };
		9D150F5924FE3F4700845A87 /* FFStyleModel.m */ = {isa = PBXFileReference; fileEncoding = 4; lastKnownFileType = sourcecode.c.objc; path = FFStyleModel.m; sourceTree = "<group>"; };
		9D150F5B24FE46C100845A87 /* launch.png */ = {isa = PBXFileReference; lastKnownFileType = image.png; path = launch.png; sourceTree = "<group>"; };
		9D150F6024FE491700845A87 /* PFCoinListViewController.swift */ = {isa = PBXFileReference; lastKnownFileType = sourcecode.swift; path = PFCoinListViewController.swift; sourceTree = "<group>"; };
		9D150F6324FE4A2B00845A87 /* PFCoinCollectionViewCell.swift */ = {isa = PBXFileReference; lastKnownFileType = sourcecode.swift; path = PFCoinCollectionViewCell.swift; sourceTree = "<group>"; };
		9D150F6424FE4A2B00845A87 /* PFCoinCollectionViewCell.xib */ = {isa = PBXFileReference; lastKnownFileType = file.xib; path = PFCoinCollectionViewCell.xib; sourceTree = "<group>"; };
		9D150F6824FE529900845A87 /* PFSettingViewController.swift */ = {isa = PBXFileReference; lastKnownFileType = sourcecode.swift; path = PFSettingViewController.swift; sourceTree = "<group>"; };
		9D150F6924FE529900845A87 /* PFSettingViewController.xib */ = {isa = PBXFileReference; lastKnownFileType = file.xib; path = PFSettingViewController.xib; sourceTree = "<group>"; };
		9D150F6D24FE543E00845A87 /* PFSettingTableViewCell.swift */ = {isa = PBXFileReference; lastKnownFileType = sourcecode.swift; path = PFSettingTableViewCell.swift; sourceTree = "<group>"; };
		9D150F6E24FE543E00845A87 /* PFSettingTableViewCell.xib */ = {isa = PBXFileReference; lastKnownFileType = file.xib; path = PFSettingTableViewCell.xib; sourceTree = "<group>"; };
		9D150F7124FE579A00845A87 /* PFPrivacyViewController.swift */ = {isa = PBXFileReference; lastKnownFileType = sourcecode.swift; path = PFPrivacyViewController.swift; sourceTree = "<group>"; };
		9D150F7224FE579A00845A87 /* PFPrivacyViewController.xib */ = {isa = PBXFileReference; lastKnownFileType = file.xib; path = PFPrivacyViewController.xib; sourceTree = "<group>"; };
		9D150F7524FE584800845A87 /* PFTermServiceViewController.swift */ = {isa = PBXFileReference; lastKnownFileType = sourcecode.swift; path = PFTermServiceViewController.swift; sourceTree = "<group>"; };
		9D150F7624FE584800845A87 /* PFTermServiceViewController.xib */ = {isa = PBXFileReference; lastKnownFileType = file.xib; path = PFTermServiceViewController.xib; sourceTree = "<group>"; };
		D589157304DDCD306EDDA7E5 /* Pods_PuzzleFilterProduct.framework */ = {isa = PBXFileReference; explicitFileType = wrapper.framework; includeInIndex = 0; path = Pods_PuzzleFilterProduct.framework; sourceTree = BUILT_PRODUCTS_DIR; };
/* End PBXFileReference section */

/* Begin PBXFrameworksBuildPhase section */
		9D150F2524FE36AB00845A87 /* Frameworks */ = {
			isa = PBXFrameworksBuildPhase;
			buildActionMask = 2147483647;
			files = (
				26EB02E221BC94EEB3F009C1 /* Pods_PuzzleFilterProduct.framework in Frameworks */,
			);
			runOnlyForDeploymentPostprocessing = 0;
		};
/* End PBXFrameworksBuildPhase section */

/* Begin PBXGroup section */
		0828747BF8B2B553CD82F5D1 /* Pods */ = {
			isa = PBXGroup;
			children = (
				95D2D62F8279F06E7C4422FF /* Pods-PuzzleFilterProduct.debug.xcconfig */,
				57D18EF122FB630863FCFFDE /* Pods-PuzzleFilterProduct.release.xcconfig */,
			);
			path = Pods;
			sourceTree = "<group>";
		};
		9CEC81658580E8CACFEB0794 /* Frameworks */ = {
			isa = PBXGroup;
			children = (
				D589157304DDCD306EDDA7E5 /* Pods_PuzzleFilterProduct.framework */,
			);
			name = Frameworks;
			sourceTree = "<group>";
		};
		9D150F1F24FE36AB00845A87 = {
			isa = PBXGroup;
			children = (
				9D150F2A24FE36AB00845A87 /* PuzzleFilterProduct */,
				9D150F2924FE36AB00845A87 /* Products */,
				0828747BF8B2B553CD82F5D1 /* Pods */,
				9CEC81658580E8CACFEB0794 /* Frameworks */,
			);
			sourceTree = "<group>";
		};
		9D150F2924FE36AB00845A87 /* Products */ = {
			isa = PBXGroup;
			children = (
				9D150F2824FE36AB00845A87 /* PuzzleFilterProduct.app */,
			);
			name = Products;
			sourceTree = "<group>";
		};
		9D150F2A24FE36AB00845A87 /* PuzzleFilterProduct */ = {
			isa = PBXGroup;
			children = (
				9D150F2B24FE36AB00845A87 /* AppDelegate.swift */,
				9D150F2F24FE36AB00845A87 /* PFViewController.swift */,
				9D150F6724FE525500845A87 /* Setting */,
				9D150F5F24FE48FE00845A87 /* Coin */,
				9D150F4A24FE390100845A87 /* StickerView-Framework */,
				9D150F3F24FE380100845A87 /* Base */,
				9D150F3124FE36AB00845A87 /* Main.storyboard */,
				9D150F5B24FE46C100845A87 /* launch.png */,
				9D150F3424FE36C000845A87 /* Assets.xcassets */,
				9D150F3624FE36C000845A87 /* LaunchScreen.storyboard */,
				9D150F3924FE36C000845A87 /* Info.plist */,
				9D150F4924FE389D00845A87 /* PuzzleFilterProduct-Bridging-Header.h */,
			);
			path = PuzzleFilterProduct;
			sourceTree = "<group>";
		};
		9D150F3F24FE380100845A87 /* Base */ = {
			isa = PBXGroup;
			children = (
				9D150F4024FE382400845A87 /* QMUITemplate */,
				9D150F4324FE382500845A87 /* Tool */,
				9D150F4724FE386200845A87 /* PFBaseNavigationController.swift */,
				9D150F5424FE397C00845A87 /* PFBaseViewController.swift */,
				9D150F5624FE3DF900845A87 /* Constant.swift */,
				9D150F5824FE3F4700845A87 /* FFStyleModel.h */,
				9D150F5924FE3F4700845A87 /* FFStyleModel.m */,
			);
			path = Base;
			sourceTree = "<group>";
		};
		9D150F4024FE382400845A87 /* QMUITemplate */ = {
			isa = PBXGroup;
			children = (
				9D150F4124FE382400845A87 /* QMUIConfigurationTemplate.h */,
				9D150F4224FE382400845A87 /* QMUIConfigurationTemplate.m */,
			);
			path = QMUITemplate;
			sourceTree = "<group>";
		};
		9D150F4324FE382500845A87 /* Tool */ = {
			isa = PBXGroup;
			children = (
				9D150F4424FE382500845A87 /* JPToast.swift */,
			);
			path = Tool;
			sourceTree = "<group>";
		};
		9D150F4A24FE390100845A87 /* StickerView-Framework */ = {
			isa = PBXGroup;
			children = (
				9D150F4B24FE390100845A87 /* StickerView.bundle */,
				9D150F4C24FE390100845A87 /* StickerView.h */,
				9D150F4D24FE390100845A87 /* SingleHandGestureRecognizer.h */,
				9D150F4E24FE390100845A87 /* SingleHandGestureRecognizer.m */,
				9D150F4F24FE390100845A87 /* StickerView.m */,
			);
			path = "StickerView-Framework";
			sourceTree = "<group>";
		};
		9D150F5F24FE48FE00845A87 /* Coin */ = {
			isa = PBXGroup;
			children = (
				9D150F6024FE491700845A87 /* PFCoinListViewController.swift */,
				9D150F6224FE4A1C00845A87 /* View */,
			);
			path = Coin;
			sourceTree = "<group>";
		};
		9D150F6224FE4A1C00845A87 /* View */ = {
			isa = PBXGroup;
			children = (
				9D150F6324FE4A2B00845A87 /* PFCoinCollectionViewCell.swift */,
				9D150F6424FE4A2B00845A87 /* PFCoinCollectionViewCell.xib */,
			);
			path = View;
			sourceTree = "<group>";
		};
		9D150F6724FE525500845A87 /* Setting */ = {
			isa = PBXGroup;
			children = (
				9D150F6C24FE542900845A87 /* View */,
				9D150F6824FE529900845A87 /* PFSettingViewController.swift */,
				9D150F6924FE529900845A87 /* PFSettingViewController.xib */,
				9D150F7124FE579A00845A87 /* PFPrivacyViewController.swift */,
				9D150F7224FE579A00845A87 /* PFPrivacyViewController.xib */,
				9D150F7524FE584800845A87 /* PFTermServiceViewController.swift */,
				9D150F7624FE584800845A87 /* PFTermServiceViewController.xib */,
			);
			path = Setting;
			sourceTree = "<group>";
		};
		9D150F6C24FE542900845A87 /* View */ = {
			isa = PBXGroup;
			children = (
				9D150F6D24FE543E00845A87 /* PFSettingTableViewCell.swift */,
				9D150F6E24FE543E00845A87 /* PFSettingTableViewCell.xib */,
			);
			path = View;
			sourceTree = "<group>";
		};
/* End PBXGroup section */

/* Begin PBXNativeTarget section */
		9D150F2724FE36AB00845A87 /* PuzzleFilterProduct */ = {
			isa = PBXNativeTarget;
			buildConfigurationList = 9D150F3C24FE36C000845A87 /* Build configuration list for PBXNativeTarget "PuzzleFilterProduct" */;
			buildPhases = (
				5D2CBA0966173870FCD886A7 /* [CP] Check Pods Manifest.lock */,
				9D150F2424FE36AB00845A87 /* Sources */,
				9D150F2524FE36AB00845A87 /* Frameworks */,
				9D150F2624FE36AB00845A87 /* Resources */,
				AA818A577FC46C5F52F7BF4B /* [CP] Embed Pods Frameworks */,
			);
			buildRules = (
			);
			dependencies = (
			);
			name = PuzzleFilterProduct;
			productName = PuzzleFilterProduct;
			productReference = 9D150F2824FE36AB00845A87 /* PuzzleFilterProduct.app */;
			productType = "com.apple.product-type.application";
		};
/* End PBXNativeTarget section */

/* Begin PBXProject section */
		9D150F2024FE36AB00845A87 /* Project object */ = {
			isa = PBXProject;
			attributes = {
				CLASSPREFIX = PF;
				LastSwiftUpdateCheck = 1120;
				LastUpgradeCheck = 1120;
				ORGANIZATIONNAME = diantus;
				TargetAttributes = {
					9D150F2724FE36AB00845A87 = {
						CreatedOnToolsVersion = 11.2.1;
					};
				};
			};
			buildConfigurationList = 9D150F2324FE36AB00845A87 /* Build configuration list for PBXProject "PuzzleFilterProduct" */;
			compatibilityVersion = "Xcode 9.3";
			developmentRegion = en;
			hasScannedForEncodings = 0;
			knownRegions = (
				en,
				Base,
			);
			mainGroup = 9D150F1F24FE36AB00845A87;
			productRefGroup = 9D150F2924FE36AB00845A87 /* Products */;
			projectDirPath = "";
			projectRoot = "";
			targets = (
				9D150F2724FE36AB00845A87 /* PuzzleFilterProduct */,
			);
		};
/* End PBXProject section */

/* Begin PBXResourcesBuildPhase section */
		9D150F2624FE36AB00845A87 /* Resources */ = {
			isa = PBXResourcesBuildPhase;
			buildActionMask = 2147483647;
			files = (
				9D150F6624FE4A2B00845A87 /* PFCoinCollectionViewCell.xib in Resources */,
				9D150F3824FE36C000845A87 /* LaunchScreen.storyboard in Resources */,
				9D150F7024FE543E00845A87 /* PFSettingTableViewCell.xib in Resources */,
				9D150F3524FE36C000845A87 /* Assets.xcassets in Resources */,
				9D150F5024FE390100845A87 /* StickerView.bundle in Resources */,
				9D150F3324FE36AB00845A87 /* Main.storyboard in Resources */,
				9D150F7824FE584800845A87 /* PFTermServiceViewController.xib in Resources */,
				9D150F5D24FE46C100845A87 /* launch.png in Resources */,
				9D150F7424FE579A00845A87 /* PFPrivacyViewController.xib in Resources */,
				9D150F6B24FE529900845A87 /* PFSettingViewController.xib in Resources */,
			);
			runOnlyForDeploymentPostprocessing = 0;
		};
/* End PBXResourcesBuildPhase section */

/* Begin PBXShellScriptBuildPhase section */
		5D2CBA0966173870FCD886A7 /* [CP] Check Pods Manifest.lock */ = {
			isa = PBXShellScriptBuildPhase;
			buildActionMask = 2147483647;
			files = (
			);
			inputFileListPaths = (
			);
			inputPaths = (
				"${PODS_PODFILE_DIR_PATH}/Podfile.lock",
				"${PODS_ROOT}/Manifest.lock",
			);
			name = "[CP] Check Pods Manifest.lock";
			outputFileListPaths = (
			);
			outputPaths = (
				"$(DERIVED_FILE_DIR)/Pods-PuzzleFilterProduct-checkManifestLockResult.txt",
			);
			runOnlyForDeploymentPostprocessing = 0;
			shellPath = /bin/sh;
			shellScript = "diff \"${PODS_PODFILE_DIR_PATH}/Podfile.lock\" \"${PODS_ROOT}/Manifest.lock\" > /dev/null\nif [ $? != 0 ] ; then\n    # print error to STDERR\n    echo \"error: The sandbox is not in sync with the Podfile.lock. Run 'pod install' or update your CocoaPods installation.\" >&2\n    exit 1\nfi\n# This output is used by Xcode 'outputs' to avoid re-running this script phase.\necho \"SUCCESS\" > \"${SCRIPT_OUTPUT_FILE_0}\"\n";
			showEnvVarsInLog = 0;
		};
		AA818A577FC46C5F52F7BF4B /* [CP] Embed Pods Frameworks */ = {
			isa = PBXShellScriptBuildPhase;
			buildActionMask = 2147483647;
			files = (
			);
			inputFileListPaths = (
				"${PODS_ROOT}/Target Support Files/Pods-PuzzleFilterProduct/Pods-PuzzleFilterProduct-frameworks-${CONFIGURATION}-input-files.xcfilelist",
			);
			name = "[CP] Embed Pods Frameworks";
			outputFileListPaths = (
				"${PODS_ROOT}/Target Support Files/Pods-PuzzleFilterProduct/Pods-PuzzleFilterProduct-frameworks-${CONFIGURATION}-output-files.xcfilelist",
			);
			runOnlyForDeploymentPostprocessing = 0;
			shellPath = /bin/sh;
			shellScript = "\"${PODS_ROOT}/Target Support Files/Pods-PuzzleFilterProduct/Pods-PuzzleFilterProduct-frameworks.sh\"\n";
			showEnvVarsInLog = 0;
		};
/* End PBXShellScriptBuildPhase section */

/* Begin PBXSourcesBuildPhase section */
		9D150F2424FE36AB00845A87 /* Sources */ = {
			isa = PBXSourcesBuildPhase;
			buildActionMask = 2147483647;
			files = (
				9D150F6124FE491700845A87 /* PFCoinListViewController.swift in Sources */,
				9D150F5224FE390100845A87 /* StickerView.m in Sources */,
				9D150F5124FE390100845A87 /* SingleHandGestureRecognizer.m in Sources */,
				9D150F3024FE36AB00845A87 /* PFViewController.swift in Sources */,
				9D150F6F24FE543E00845A87 /* PFSettingTableViewCell.swift in Sources */,
				9D150F6A24FE529900845A87 /* PFSettingViewController.swift in Sources */,
				9D150F4624FE382500845A87 /* JPToast.swift in Sources */,
				9D150F4824FE386200845A87 /* PFBaseNavigationController.swift in Sources */,
				9D150F7324FE579A00845A87 /* PFPrivacyViewController.swift in Sources */,
				9D150F2C24FE36AB00845A87 /* AppDelegate.swift in Sources */,
				9D150F5A24FE3F4700845A87 /* FFStyleModel.m in Sources */,
				9D150F5524FE397C00845A87 /* PFBaseViewController.swift in Sources */,
				9D150F5724FE3DF900845A87 /* Constant.swift in Sources */,
				9D150F4524FE382500845A87 /* QMUIConfigurationTemplate.m in Sources */,
				9D150F7724FE584800845A87 /* PFTermServiceViewController.swift in Sources */,
				9D150F6524FE4A2B00845A87 /* PFCoinCollectionViewCell.swift in Sources */,
			);
			runOnlyForDeploymentPostprocessing = 0;
		};
/* End PBXSourcesBuildPhase section */

/* Begin PBXVariantGroup section */
		9D150F3124FE36AB00845A87 /* Main.storyboard */ = {
			isa = PBXVariantGroup;
			children = (
				9D150F3224FE36AB00845A87 /* Base */,
			);
			name = Main.storyboard;
			sourceTree = "<group>";
		};
		9D150F3624FE36C000845A87 /* LaunchScreen.storyboard */ = {
			isa = PBXVariantGroup;
			children = (
				9D150F3724FE36C000845A87 /* Base */,
			);
			name = LaunchScreen.storyboard;
			sourceTree = "<group>";
		};
/* End PBXVariantGroup section */

/* Begin XCBuildConfiguration section */
		9D150F3A24FE36C000845A87 /* Debug */ = {
			isa = XCBuildConfiguration;
			buildSettings = {
				ALWAYS_SEARCH_USER_PATHS = NO;
				CLANG_ANALYZER_NONNULL = YES;
				CLANG_ANALYZER_NUMBER_OBJECT_CONVERSION = YES_AGGRESSIVE;
				CLANG_CXX_LANGUAGE_STANDARD = "gnu++14";
				CLANG_CXX_LIBRARY = "libc++";
				CLANG_ENABLE_MODULES = YES;
				CLANG_ENABLE_OBJC_ARC = YES;
				CLANG_ENABLE_OBJC_WEAK = YES;
				CLANG_WARN_BLOCK_CAPTURE_AUTORELEASING = YES;
				CLANG_WARN_BOOL_CONVERSION = YES;
				CLANG_WARN_COMMA = YES;
				CLANG_WARN_CONSTANT_CONVERSION = YES;
				CLANG_WARN_DEPRECATED_OBJC_IMPLEMENTATIONS = YES;
				CLANG_WARN_DIRECT_OBJC_ISA_USAGE = YES_ERROR;
				CLANG_WARN_DOCUMENTATION_COMMENTS = YES;
				CLANG_WARN_EMPTY_BODY = YES;
				CLANG_WARN_ENUM_CONVERSION = YES;
				CLANG_WARN_INFINITE_RECURSION = YES;
				CLANG_WARN_INT_CONVERSION = YES;
				CLANG_WARN_NON_LITERAL_NULL_CONVERSION = YES;
				CLANG_WARN_OBJC_IMPLICIT_RETAIN_SELF = YES;
				CLANG_WARN_OBJC_LITERAL_CONVERSION = YES;
				CLANG_WARN_OBJC_ROOT_CLASS = YES_ERROR;
				CLANG_WARN_RANGE_LOOP_ANALYSIS = YES;
				CLANG_WARN_STRICT_PROTOTYPES = YES;
				CLANG_WARN_SUSPICIOUS_MOVE = YES;
				CLANG_WARN_UNGUARDED_AVAILABILITY = YES_AGGRESSIVE;
				CLANG_WARN_UNREACHABLE_CODE = YES;
				CLANG_WARN__DUPLICATE_METHOD_MATCH = YES;
				COPY_PHASE_STRIP = NO;
				DEBUG_INFORMATION_FORMAT = dwarf;
				ENABLE_STRICT_OBJC_MSGSEND = YES;
				ENABLE_TESTABILITY = YES;
				GCC_C_LANGUAGE_STANDARD = gnu11;
				GCC_DYNAMIC_NO_PIC = NO;
				GCC_NO_COMMON_BLOCKS = YES;
				GCC_OPTIMIZATION_LEVEL = 0;
				GCC_PREPROCESSOR_DEFINITIONS = (
					"DEBUG=1",
					"$(inherited)",
				);
				GCC_WARN_64_TO_32_BIT_CONVERSION = YES;
				GCC_WARN_ABOUT_RETURN_TYPE = YES_ERROR;
				GCC_WARN_UNDECLARED_SELECTOR = YES;
				GCC_WARN_UNINITIALIZED_AUTOS = YES_AGGRESSIVE;
				GCC_WARN_UNUSED_FUNCTION = YES;
				GCC_WARN_UNUSED_VARIABLE = YES;
				IPHONEOS_DEPLOYMENT_TARGET = 13.2;
				MTL_ENABLE_DEBUG_INFO = INCLUDE_SOURCE;
				MTL_FAST_MATH = YES;
				ONLY_ACTIVE_ARCH = YES;
				SDKROOT = iphoneos;
				SWIFT_ACTIVE_COMPILATION_CONDITIONS = DEBUG;
				SWIFT_OPTIMIZATION_LEVEL = "-Onone";
			};
			name = Debug;
		};
		9D150F3B24FE36C000845A87 /* Release */ = {
			isa = XCBuildConfiguration;
			buildSettings = {
				ALWAYS_SEARCH_USER_PATHS = NO;
				CLANG_ANALYZER_NONNULL = YES;
				CLANG_ANALYZER_NUMBER_OBJECT_CONVERSION = YES_AGGRESSIVE;
				CLANG_CXX_LANGUAGE_STANDARD = "gnu++14";
				CLANG_CXX_LIBRARY = "libc++";
				CLANG_ENABLE_MODULES = YES;
				CLANG_ENABLE_OBJC_ARC = YES;
				CLANG_ENABLE_OBJC_WEAK = YES;
				CLANG_WARN_BLOCK_CAPTURE_AUTORELEASING = YES;
				CLANG_WARN_BOOL_CONVERSION = YES;
				CLANG_WARN_COMMA = YES;
				CLANG_WARN_CONSTANT_CONVERSION = YES;
				CLANG_WARN_DEPRECATED_OBJC_IMPLEMENTATIONS = YES;
				CLANG_WARN_DIRECT_OBJC_ISA_USAGE = YES_ERROR;
				CLANG_WARN_DOCUMENTATION_COMMENTS = YES;
				CLANG_WARN_EMPTY_BODY = YES;
				CLANG_WARN_ENUM_CONVERSION = YES;
				CLANG_WARN_INFINITE_RECURSION = YES;
				CLANG_WARN_INT_CONVERSION = YES;
				CLANG_WARN_NON_LITERAL_NULL_CONVERSION = YES;
				CLANG_WARN_OBJC_IMPLICIT_RETAIN_SELF = YES;
				CLANG_WARN_OBJC_LITERAL_CONVERSION = YES;
				CLANG_WARN_OBJC_ROOT_CLASS = YES_ERROR;
				CLANG_WARN_RANGE_LOOP_ANALYSIS = YES;
				CLANG_WARN_STRICT_PROTOTYPES = YES;
				CLANG_WARN_SUSPICIOUS_MOVE = YES;
				CLANG_WARN_UNGUARDED_AVAILABILITY = YES_AGGRESSIVE;
				CLANG_WARN_UNREACHABLE_CODE = YES;
				CLANG_WARN__DUPLICATE_METHOD_MATCH = YES;
				COPY_PHASE_STRIP = NO;
				DEBUG_INFORMATION_FORMAT = "dwarf-with-dsym";
				ENABLE_NS_ASSERTIONS = NO;
				ENABLE_STRICT_OBJC_MSGSEND = YES;
				GCC_C_LANGUAGE_STANDARD = gnu11;
				GCC_NO_COMMON_BLOCKS = YES;
				GCC_WARN_64_TO_32_BIT_CONVERSION = YES;
				GCC_WARN_ABOUT_RETURN_TYPE = YES_ERROR;
				GCC_WARN_UNDECLARED_SELECTOR = YES;
				GCC_WARN_UNINITIALIZED_AUTOS = YES_AGGRESSIVE;
				GCC_WARN_UNUSED_FUNCTION = YES;
				GCC_WARN_UNUSED_VARIABLE = YES;
				IPHONEOS_DEPLOYMENT_TARGET = 13.2;
				MTL_ENABLE_DEBUG_INFO = NO;
				MTL_FAST_MATH = YES;
				SDKROOT = iphoneos;
				SWIFT_COMPILATION_MODE = wholemodule;
				SWIFT_OPTIMIZATION_LEVEL = "-O";
				VALIDATE_PRODUCT = YES;
			};
			name = Release;
		};
		9D150F3D24FE36C000845A87 /* Debug */ = {
			isa = XCBuildConfiguration;
			baseConfigurationReference = 95D2D62F8279F06E7C4422FF /* Pods-PuzzleFilterProduct.debug.xcconfig */;
			buildSettings = {
				ASSETCATALOG_COMPILER_APPICON_NAME = AppIcon;
				CODE_SIGN_STYLE = Automatic;
				CURRENT_PROJECT_VERSION = 1;
				DEVELOPMENT_TEAM = TEA4KWX63Q;
				INFOPLIST_FILE = PuzzleFilterProduct/Info.plist;
				IPHONEOS_DEPLOYMENT_TARGET = 10.0;
				LD_RUNPATH_SEARCH_PATHS = (
					"$(inherited)",
					"@executable_path/Frameworks",
				);
				PRODUCT_BUNDLE_IDENTIFIER = com.diantus.PuzzleFilterProduct;
				PRODUCT_NAME = "$(TARGET_NAME)";
				SWIFT_OBJC_BRIDGING_HEADER = "PuzzleFilterProduct/PuzzleFilterProduct-Bridging-Header.h";
				SWIFT_VERSION = 5.0;
				TARGETED_DEVICE_FAMILY = "1,2";
			};
			name = Debug;
		};
		9D150F3E24FE36C000845A87 /* Release */ = {
			isa = XCBuildConfiguration;
			baseConfigurationReference = 57D18EF122FB630863FCFFDE /* Pods-PuzzleFilterProduct.release.xcconfig */;
			buildSettings = {
				ASSETCATALOG_COMPILER_APPICON_NAME = AppIcon;
				CODE_SIGN_STYLE = Automatic;
				CURRENT_PROJECT_VERSION = 1;
				DEVELOPMENT_TEAM = TEA4KWX63Q;
				INFOPLIST_FILE = PuzzleFilterProduct/Info.plist;
				IPHONEOS_DEPLOYMENT_TARGET = 10.0;
				LD_RUNPATH_SEARCH_PATHS = (
					"$(inherited)",
					"@executable_path/Frameworks",
				);
				PRODUCT_BUNDLE_IDENTIFIER = com.diantus.PuzzleFilterProduct;
				PRODUCT_NAME = "$(TARGET_NAME)";
				SWIFT_OBJC_BRIDGING_HEADER = "PuzzleFilterProduct/PuzzleFilterProduct-Bridging-Header.h";
				SWIFT_VERSION = 5.0;
				TARGETED_DEVICE_FAMILY = "1,2";
			};
			name = Release;
		};
/* End XCBuildConfiguration section */

/* Begin XCConfigurationList section */
		9D150F2324FE36AB00845A87 /* Build configuration list for PBXProject "PuzzleFilterProduct" */ = {
			isa = XCConfigurationList;
			buildConfigurations = (
				9D150F3A24FE36C000845A87 /* Debug */,
				9D150F3B24FE36C000845A87 /* Release */,
			);
			defaultConfigurationIsVisible = 0;
			defaultConfigurationName = Release;
		};
		9D150F3C24FE36C000845A87 /* Build configuration list for PBXNativeTarget "PuzzleFilterProduct" */ = {
			isa = XCConfigurationList;
			buildConfigurations = (
				9D150F3D24FE36C000845A87 /* Debug */,
				9D150F3E24FE36C000845A87 /* Release */,
			);
			defaultConfigurationIsVisible = 0;
			defaultConfigurationName = Release;
		};
/* End XCConfigurationList section */
	};
	rootObject = 9D150F2024FE36AB00845A87 /* Project object */;
}
